
Microsoft Visual Studio Solution File, Format Version 12.00
# Visual Studio Version 18
VisualStudioVersion = 18.1.11304.174
MinimumVisualStudioVersion = 10.0.40219.1
Project("{FAE04EC0-301F-11D3-BF4B-00C04F79EFBC}") = "GLC-DesignPatterns.OCP", "GLC-DesignPatterns.OCP\GLC-DesignPatterns.OCP.csproj", "{6531E492-947E-4568-A586-691072E5BDDC}"
EndProject
Project("{FAE04EC0-301F-11D3-BF4B-00C04F79EFBC}") = "GLC-DesignPatterns.LSP", "GLC-DesignPatterns.LSP\GLC-DesignPatterns.LSP.csproj", "{B136FF27-62FE-4858-8B16-83E67AD4F9E3}"
EndProject
Project("{2150E333-8FDC-42A3-9474-1A3956D46DE8}") = "Solution Items", "Solution Items", "{424BE35B-2ED4-4006-90B8-DCC0698E885E}"
	ProjectSection(SolutionItems) = preProject
		.gitattributes = .gitattributes
		.gitignore = .gitignore
		README.md = README.md
	EndProjectSection
EndProject
Project("{2150E333-8FDC-42A3-9474-1A3956D46DE8}") = "SOLID", "SOLID", "{20D3E7CA-3932-4F52-B10D-BE3421EEFC06}"
EndProject
Project("{FAE04EC0-301F-11D3-BF4B-00C04F79EFBC}") = "GLC-DesignPatterns.ISP", "GLC-DesignPatterns.ISP\GLC-DesignPatterns.ISP.csproj", "{833207C9-8DCD-4627-8355-25CE6B9CDEFF}"
EndProject
Project("{FAE04EC0-301F-11D3-BF4B-00C04F79EFBC}") = "GLC-DesignPatterns.DIP.API", "GLC-DesignPatterns.DIP.API\GLC-DesignPatterns.DIP.API.csproj", "{7004A324-DAA0-4D19-854E-97B2A197221C}"
EndProject
Project("{2150E333-8FDC-42A3-9474-1A3956D46DE8}") = "DesignPatterns", "DesignPatterns", "{F5FD0BDD-3E7A-44B8-A3BC-25F8C78DFFAA}"
EndProject
Project("{FAE04EC0-301F-11D3-BF4B-00C04F79EFBC}") = "HasAIsA", "HasAIsA\HasAIsA.csproj", "{829F1D85-704A-4CBF-ADF3-A3A346251A3C}"
EndProject
Project("{2150E333-8FDC-42A3-9474-1A3956D46DE8}") = "CreationalDesignPatterns", "CreationalDesignPatterns", "{7F725F28-EF80-461A-99BE-958BE67EECB2}"
EndProject
Project("{FAE04EC0-301F-11D3-BF4B-00C04F79EFBC}") = "FactoryMethodDP", "FactoryMethodDP\FactoryMethodDP.csproj", "{73C311CC-49AE-4C69-9447-5AAFF7616362}"
EndProject
Project("{FAE04EC0-301F-11D3-BF4B-00C04F79EFBC}") = "AbstractFactoryDP", "AbstractFactoryDP\AbstractFactoryDP.csproj", "{BB454C54-3C37-4028-90A6-B3058149A3A6}"
EndProject
Project("{FAE04EC0-301F-11D3-BF4B-00C04F79EFBC}") = "PrototypeDP", "PrototypeDP\PrototypeDP.csproj", "{80441E35-E203-488B-BE8B-3AE90AF0E447}"
EndProject
Project("{FAE04EC0-301F-11D3-BF4B-00C04F79EFBC}") = "BuilderDP", "BuilderDP\BuilderDP.csproj", "{81484B56-1BF3-43CE-AF1E-BD8FBE07C57A}"
EndProject
Project("{2150E333-8FDC-42A3-9474-1A3956D46DE8}") = "StructuralDesignPatterns", "StructuralDesignPatterns", "{6564DFF0-0B1C-49CD-8105-96E053BC0E9E}"
EndProject
Project("{FAE04EC0-301F-11D3-BF4B-00C04F79EFBC}") = "AdapterDP.API", "AdapterDP.API\AdapterDP.API.csproj", "{96D9A1C4-B4C5-4D0E-8C4B-8E267C0CF73D}"
EndProject
Project("{FAE04EC0-301F-11D3-BF4B-00C04F79EFBC}") = "ProxyDP.API", "ProxyDP.API\ProxyDP.API.csproj", "{619D9BDB-DC4F-43B7-B9BD-71267FFAD7BF}"
EndProject
Project("{FAE04EC0-301F-11D3-BF4B-00C04F79EFBC}") = "BridgeDP", "BridgeDP\BridgeDP.csproj", "{4205BA35-D522-4D31-8427-49EEDB1847A7}"
EndProject
Project("{FAE04EC0-301F-11D3-BF4B-00C04F79EFBC}") = "CompositeDP.API", "CompositeDP.API\CompositeDP.API.csproj", "{AB8C9D16-6E69-4B56-A1D4-E0EB91C75EF1}"
EndProject
Project("{FAE04EC0-301F-11D3-BF4B-00C04F79EFBC}") = "FacadeDP", "FacadeDP\FacadeDP.csproj", "{9D1B0908-62F8-4F86-96C6-B634E01E369B}"
EndProject
Project("{FAE04EC0-301F-11D3-BF4B-00C04F79EFBC}") = "FlyWeightDP", "FlyWeightDP\FlyWeightDP.csproj", "{FD27B34A-67B5-460E-923C-46E033B77D2A}"
EndProject
Project("{FAE04EC0-301F-11D3-BF4B-00C04F79EFBC}") = "ObserverDP.API", "ObserverDP.API\ObserverDP.API.csproj", "{089B26F0-EACE-4F09-8AFC-5CCE7143BC2F}"
EndProject
Global
	GlobalSection(SolutionConfigurationPlatforms) = preSolution
		Debug|Any CPU = Debug|Any CPU
		Release|Any CPU = Release|Any CPU
	EndGlobalSection
	GlobalSection(ProjectConfigurationPlatforms) = postSolution
		{6531E492-947E-4568-A586-691072E5BDDC}.Debug|Any CPU.ActiveCfg = Debug|Any CPU
		{6531E492-947E-4568-A586-691072E5BDDC}.Debug|Any CPU.Build.0 = Debug|Any CPU
		{6531E492-947E-4568-A586-691072E5BDDC}.Release|Any CPU.ActiveCfg = Release|Any CPU
		{6531E492-947E-4568-A586-691072E5BDDC}.Release|Any CPU.Build.0 = Release|Any CPU
		{B136FF27-62FE-4858-8B16-83E67AD4F9E3}.Debug|Any CPU.ActiveCfg = Debug|Any CPU
		{B136FF27-62FE-4858-8B16-83E67AD4F9E3}.Debug|Any CPU.Build.0 = Debug|Any CPU
		{B136FF27-62FE-4858-8B16-83E67AD4F9E3}.Release|Any CPU.ActiveCfg = Release|Any CPU
		{B136FF27-62FE-4858-8B16-83E67AD4F9E3}.Release|Any CPU.Build.0 = Release|Any CPU
		{833207C9-8DCD-4627-8355-25CE6B9CDEFF}.Debug|Any CPU.ActiveCfg = Debug|Any CPU
		{833207C9-8DCD-4627-8355-25CE6B9CDEFF}.Debug|Any CPU.Build.0 = Debug|Any CPU
		{833207C9-8DCD-4627-8355-25CE6B9CDEFF}.Release|Any CPU.ActiveCfg = Release|Any CPU
		{833207C9-8DCD-4627-8355-25CE6B9CDEFF}.Release|Any CPU.Build.0 = Release|Any CPU
		{7004A324-DAA0-4D19-854E-97B2A197221C}.Debug|Any CPU.ActiveCfg = Debug|Any CPU
		{7004A324-DAA0-4D19-854E-97B2A197221C}.Debug|Any CPU.Build.0 = Debug|Any CPU
		{7004A324-DAA0-4D19-854E-97B2A197221C}.Release|Any CPU.ActiveCfg = Release|Any CPU
		{7004A324-DAA0-4D19-854E-97B2A197221C}.Release|Any CPU.Build.0 = Release|Any CPU
		{829F1D85-704A-4CBF-ADF3-A3A346251A3C}.Debug|Any CPU.ActiveCfg = Debug|Any CPU
		{829F1D85-704A-4CBF-ADF3-A3A346251A3C}.Debug|Any CPU.Build.0 = Debug|Any CPU
		{829F1D85-704A-4CBF-ADF3-A3A346251A3C}.Release|Any CPU.ActiveCfg = Release|Any CPU
		{829F1D85-704A-4CBF-ADF3-A3A346251A3C}.Release|Any CPU.Build.0 = Release|Any CPU
		{73C311CC-49AE-4C69-9447-5AAFF7616362}.Debug|Any CPU.ActiveCfg = Debug|Any CPU
		{73C311CC-49AE-4C69-9447-5AAFF7616362}.Debug|Any CPU.Build.0 = Debug|Any CPU
		{73C311CC-49AE-4C69-9447-5AAFF7616362}.Release|Any CPU.ActiveCfg = Release|Any CPU
		{73C311CC-49AE-4C69-9447-5AAFF7616362}.Release|Any CPU.Build.0 = Release|Any CPU
		{BB454C54-3C37-4028-90A6-B3058149A3A6}.Debug|Any CPU.ActiveCfg = Debug|Any CPU
		{BB454C54-3C37-4028-90A6-B3058149A3A6}.Debug|Any CPU.Build.0 = Debug|Any CPU
		{BB454C54-3C37-4028-90A6-B3058149A3A6}.Release|Any CPU.ActiveCfg = Release|Any CPU
		{BB454C54-3C37-4028-90A6-B3058149A3A6}.Release|Any CPU.Build.0 = Release|Any CPU
		{80441E35-E203-488B-BE8B-3AE90AF0E447}.Debug|Any CPU.ActiveCfg = Debug|Any CPU
		{80441E35-E203-488B-BE8B-3AE90AF0E447}.Debug|Any CPU.Build.0 = Debug|Any CPU
		{80441E35-E203-488B-BE8B-3AE90AF0E447}.Release|Any CPU.ActiveCfg = Release|Any CPU
		{80441E35-E203-488B-BE8B-3AE90AF0E447}.Release|Any CPU.Build.0 = Release|Any CPU
		{81484B56-1BF3-43CE-AF1E-BD8FBE07C57A}.Debug|Any CPU.ActiveCfg = Debug|Any CPU
		{81484B56-1BF3-43CE-AF1E-BD8FBE07C57A}.Debug|Any CPU.Build.0 = Debug|Any CPU
		{81484B56-1BF3-43CE-AF1E-BD8FBE07C57A}.Release|Any CPU.ActiveCfg = Release|Any CPU
		{81484B56-1BF3-43CE-AF1E-BD8FBE07C57A}.Release|Any CPU.Build.0 = Release|Any CPU
		{96D9A1C4-B4C5-4D0E-8C4B-8E267C0CF73D}.Debug|Any CPU.ActiveCfg = Debug|Any CPU
		{96D9A1C4-B4C5-4D0E-8C4B-8E267C0CF73D}.Debug|Any CPU.Build.0 = Debug|Any CPU
		{96D9A1C4-B4C5-4D0E-8C4B-8E267C0CF73D}.Release|Any CPU.ActiveCfg = Release|Any CPU
		{96D9A1C4-B4C5-4D0E-8C4B-8E267C0CF73D}.Release|Any CPU.Build.0 = Release|Any CPU
		{619D9BDB-DC4F-43B7-B9BD-71267FFAD7BF}.Debug|Any CPU.ActiveCfg = Debug|Any CPU
		{619D9BDB-DC4F-43B7-B9BD-71267FFAD7BF}.Debug|Any CPU.Build.0 = Debug|Any CPU
		{619D9BDB-DC4F-43B7-B9BD-71267FFAD7BF}.Release|Any CPU.ActiveCfg = Release|Any CPU
		{619D9BDB-DC4F-43B7-B9BD-71267FFAD7BF}.Release|Any CPU.Build.0 = Release|Any CPU
		{4205BA35-D522-4D31-8427-49EEDB1847A7}.Debug|Any CPU.ActiveCfg = Debug|Any CPU
		{4205BA35-D522-4D31-8427-49EEDB1847A7}.Debug|Any CPU.Build.0 = Debug|Any CPU
		{4205BA35-D522-4D31-8427-49EEDB1847A7}.Release|Any CPU.ActiveCfg = Release|Any CPU
		{4205BA35-D522-4D31-8427-49EEDB1847A7}.Release|Any CPU.Build.0 = Release|Any CPU
		{AB8C9D16-6E69-4B56-A1D4-E0EB91C75EF1}.Debug|Any CPU.ActiveCfg = Debug|Any CPU
		{AB8C9D16-6E69-4B56-A1D4-E0EB91C75EF1}.Debug|Any CPU.Build.0 = Debug|Any CPU
		{AB8C9D16-6E69-4B56-A1D4-E0EB91C75EF1}.Release|Any CPU.ActiveCfg = Release|Any CPU
		{AB8C9D16-6E69-4B56-A1D4-E0EB91C75EF1}.Release|Any CPU.Build.0 = Release|Any CPU
		{9D1B0908-62F8-4F86-96C6-B634E01E369B}.Debug|Any CPU.ActiveCfg = Debug|Any CPU
		{9D1B0908-62F8-4F86-96C6-B634E01E369B}.Debug|Any CPU.Build.0 = Debug|Any CPU
		{9D1B0908-62F8-4F86-96C6-B634E01E369B}.Release|Any CPU.ActiveCfg = Release|Any CPU
		{9D1B0908-62F8-4F86-96C6-B634E01E369B}.Release|Any CPU.Build.0 = Release|Any CPU
		{FD27B34A-67B5-460E-923C-46E033B77D2A}.Debug|Any CPU.ActiveCfg = Debug|Any CPU
		{FD27B34A-67B5-460E-923C-46E033B77D2A}.Debug|Any CPU.Build.0 = Debug|Any CPU
		{FD27B34A-67B5-460E-923C-46E033B77D2A}.Release|Any CPU.ActiveCfg = Release|Any CPU
		{FD27B34A-67B5-460E-923C-46E033B77D2A}.Release|Any CPU.Build.0 = Release|Any CPU
		{089B26F0-EACE-4F09-8AFC-5CCE7143BC2F}.Debug|Any CPU.ActiveCfg = Debug|Any CPU
		{089B26F0-EACE-4F09-8AFC-5CCE7143BC2F}.Debug|Any CPU.Build.0 = Debug|Any CPU
		{089B26F0-EACE-4F09-8AFC-5CCE7143BC2F}.Release|Any CPU.ActiveCfg = Release|Any CPU
		{089B26F0-EACE-4F09-8AFC-5CCE7143BC2F}.Release|Any CPU.Build.0 = Release|Any CPU
	EndGlobalSection
	GlobalSection(SolutionProperties) = preSolution
		HideSolutionNode = FALSE
	EndGlobalSection
	GlobalSection(NestedProjects) = preSolution
		{6531E492-947E-4568-A586-691072E5BDDC} = {20D3E7CA-3932-4F52-B10D-BE3421EEFC06}
		{B136FF27-62FE-4858-8B16-83E67AD4F9E3} = {20D3E7CA-3932-4F52-B10D-BE3421EEFC06}
		{833207C9-8DCD-4627-8355-25CE6B9CDEFF} = {20D3E7CA-3932-4F52-B10D-BE3421EEFC06}
		{7004A324-DAA0-4D19-854E-97B2A197221C} = {20D3E7CA-3932-4F52-B10D-BE3421EEFC06}
		{829F1D85-704A-4CBF-ADF3-A3A346251A3C} = {F5FD0BDD-3E7A-44B8-A3BC-25F8C78DFFAA}
		{7F725F28-EF80-461A-99BE-958BE67EECB2} = {F5FD0BDD-3E7A-44B8-A3BC-25F8C78DFFAA}
		{73C311CC-49AE-4C69-9447-5AAFF7616362} = {7F725F28-EF80-461A-99BE-958BE67EECB2}
		{BB454C54-3C37-4028-90A6-B3058149A3A6} = {7F725F28-EF80-461A-99BE-958BE67EECB2}
		{80441E35-E203-488B-BE8B-3AE90AF0E447} = {7F725F28-EF80-461A-99BE-958BE67EECB2}
		{81484B56-1BF3-43CE-AF1E-BD8FBE07C57A} = {7F725F28-EF80-461A-99BE-958BE67EECB2}
		{6564DFF0-0B1C-49CD-8105-96E053BC0E9E} = {F5FD0BDD-3E7A-44B8-A3BC-25F8C78DFFAA}
		{96D9A1C4-B4C5-4D0E-8C4B-8E267C0CF73D} = {6564DFF0-0B1C-49CD-8105-96E053BC0E9E}
		{619D9BDB-DC4F-43B7-B9BD-71267FFAD7BF} = {6564DFF0-0B1C-49CD-8105-96E053BC0E9E}
		{4205BA35-D522-4D31-8427-49EEDB1847A7} = {6564DFF0-0B1C-49CD-8105-96E053BC0E9E}
		{AB8C9D16-6E69-4B56-A1D4-E0EB91C75EF1} = {6564DFF0-0B1C-49CD-8105-96E053BC0E9E}
		{9D1B0908-62F8-4F86-96C6-B634E01E369B} = {6564DFF0-0B1C-49CD-8105-96E053BC0E9E}
		{FD27B34A-67B5-460E-923C-46E033B77D2A} = {6564DFF0-0B1C-49CD-8105-96E053BC0E9E}
		{089B26F0-EACE-4F09-8AFC-5CCE7143BC2F} = {F5FD0BDD-3E7A-44B8-A3BC-25F8C78DFFAA}
	EndGlobalSection
	GlobalSection(ExtensibilityGlobals) = postSolution
		SolutionGuid = {6E229439-68D9-4904-B44F-CC494BFF051F}
	EndGlobalSection
EndGlobal
